
Microsoft Visual Studio Solution File, Format Version 12.00
# Visual Studio 15
VisualStudioVersion = 15.0.27703.2035
MinimumVisualStudioVersion = 10.0.40219.1
Project("{8BC9CEB8-8B4A-11D0-8D11-00A0C91BC942}") = "EncodeGltf", "EncodeGltf.vcxproj", "{8C136345-A8A9-42DC-91C2-D8144294DC0E}"
EndProject
Project("{8BC9CEB8-8B4A-11D0-8D11-00A0C91BC942}") = "TestUnit", "TestUnit.vcxproj", "{29024D79-9239-4937-A475-0D505AB7EC1A}"
	ProjectSection(ProjectDependencies) = postProject
		{8C136345-A8A9-42DC-91C2-D8144294DC0E} = {8C136345-A8A9-42DC-91C2-D8144294DC0E}
	EndProjectSection
EndProject
Global
	GlobalSection(SolutionConfigurationPlatforms) = preSolution
		Debug|x64 = Debug|x64
		Debug|x86 = Debug|x86
		Release|x64 = Release|x64
		Release|x86 = Release|x86
	EndGlobalSection
	GlobalSection(ProjectConfigurationPlatforms) = postSolution
		{8C136345-A8A9-42DC-91C2-D8144294DC0E}.Debug|x64.ActiveCfg = Debug|x64
		{8C136345-A8A9-42DC-91C2-D8144294DC0E}.Debug|x64.Build.0 = Debug|x64
		{8C136345-A8A9-42DC-91C2-D8144294DC0E}.Debug|x86.ActiveCfg = Debug|Win32
		{8C136345-A8A9-42DC-91C2-D8144294DC0E}.Debug|x86.Build.0 = Debug|Win32
		{8C136345-A8A9-42DC-91C2-D8144294DC0E}.Release|x64.ActiveCfg = Debug|x64
		{8C136345-A8A9-42DC-91C2-D8144294DC0E}.Release|x64.Build.0 = Debug|x64
		{8C136345-A8A9-42DC-91C2-D8144294DC0E}.Release|x86.ActiveCfg = Debug|x64
		{8C136345-A8A9-42DC-91C2-D8144294DC0E}.Release|x86.Build.0 = Debug|x64
		{29024D79-9239-4937-A475-0D505AB7EC1A}.Debug|x64.ActiveCfg = Debug|x64
		{29024D79-9239-4937-A475-0D505AB7EC1A}.Debug|x64.Build.0 = Debug|x64
		{29024D79-9239-4937-A475-0D505AB7EC1A}.Debug|x86.ActiveCfg = Debug|Win32
		{29024D79-9239-4937-A475-0D505AB7EC1A}.Debug|x86.Build.0 = Debug|Win32
		{29024D79-9239-4937-A475-0D505AB7EC1A}.Release|x64.ActiveCfg = Debug|x64
		{29024D79-9239-4937-A475-0D505AB7EC1A}.Release|x64.Build.0 = Debug|x64
		{29024D79-9239-4937-A475-0D505AB7EC1A}.Release|x86.ActiveCfg = Debug|x64
		{29024D79-9239-4937-A475-0D505AB7EC1A}.Release|x86.Build.0 = Debug|x64
	EndGlobalSection
	GlobalSection(SolutionProperties) = preSolution
		HideSolutionNode = FALSE
	EndGlobalSection
	GlobalSection(ExtensibilityGlobals) = postSolution
		SolutionGuid = {0180F54B-A367-4646-9C87-2347AE8A0FBA}
	EndGlobalSection
EndGlobal
